
Microsoft Visual Studio Solution File, Format Version 12.00
# Visual Studio 15
VisualStudioVersion = 15.0.27130.2020
MinimumVisualStudioVersion = 10.0.40219.1
Project("{9A19103F-16F7-4668-BE54-9A1E7A4F7556}") = "LogViewer", "LogViewer\LogViewer.csproj", "{CD9A6CA9-457B-4F2B-A51E-090E3CCA1C5F}"
EndProject
Project("{9A19103F-16F7-4668-BE54-9A1E7A4F7556}") = "Tests", "Tests\Tests.csproj", "{24B91256-2372-4C81-A6D0-C0736E520D82}"
EndProject
Global
	GlobalSection(SolutionConfigurationPlatforms) = preSolution
		Debug|Any CPU = Debug|Any CPU
		Release|Any CPU = Release|Any CPU
	EndGlobalSection
	GlobalSection(ProjectConfigurationPlatforms) = postSolution
		{CD9A6CA9-457B-4F2B-A51E-090E3CCA1C5F}.Debug|Any CPU.ActiveCfg = Debug|Any CPU
		{CD9A6CA9-457B-4F2B-A51E-090E3CCA1C5F}.Debug|Any CPU.Build.0 = Debug|Any CPU
		{CD9A6CA9-457B-4F2B-A51E-090E3CCA1C5F}.Release|Any CPU.ActiveCfg = Release|Any CPU
		{CD9A6CA9-457B-4F2B-A51E-090E3CCA1C5F}.Release|Any CPU.Build.0 = Release|Any CPU
		{24B91256-2372-4C81-A6D0-C0736E520D82}.Debug|Any CPU.ActiveCfg = Debug|Any CPU
		{24B91256-2372-4C81-A6D0-C0736E520D82}.Debug|Any CPU.Build.0 = Debug|Any CPU
		{24B91256-2372-4C81-A6D0-C0736E520D82}.Release|Any CPU.ActiveCfg = Release|Any CPU
		{24B91256-2372-4C81-A6D0-C0736E520D82}.Release|Any CPU.Build.0 = Release|Any CPU
	EndGlobalSection
	GlobalSection(SolutionProperties) = preSolution
		HideSolutionNode = FALSE
	EndGlobalSection
	GlobalSection(ExtensibilityGlobals) = postSolution
		SolutionGuid = {DC9D15DC-7BC8-4A0D-AA59-E343A3B111CB}
	EndGlobalSection
EndGlobal
